
Microsoft Visual Studio Solution File, Format Version 12.00
# Visual Studio Version 17
VisualStudioVersion = 17.0.31903.59
MinimumVisualStudioVersion = 10.0.40219.1
Project("{FAE04EC0-301F-11D3-BF4B-00C04F79EFBC}") = "QuestionBot", "QuestionBot.csproj", "{218C8824-473C-4E86-9511-5F2792916269}"
EndProject
Global
	GlobalSection(SolutionConfigurationPlatforms) = preSolution
		Debug НЦК|Any CPU = Debug НЦК|Any CPU
		Debug НТП|Any CPU = Debug НТП|Any CPU
		Release НЦК|Any CPU = Release НЦК|Any CPU
		Release НТП|Any CPU = Release НТП|Any CPU
		Debug|Any CPU = Debug|Any CPU
	EndGlobalSection
	GlobalSection(ProjectConfigurationPlatforms) = postSolution
		{218C8824-473C-4E86-9511-5F2792916269}.Debug НТП|Any CPU.ActiveCfg = Debug НТП|Any CPU
		{218C8824-473C-4E86-9511-5F2792916269}.Debug НТП|Any CPU.Build.0 = Debug НТП|Any CPU
		{218C8824-473C-4E86-9511-5F2792916269}.Release НЦК|Any CPU.ActiveCfg = Release НЦК|Any CPU
		{218C8824-473C-4E86-9511-5F2792916269}.Release НЦК|Any CPU.Build.0 = Release НЦК|Any CPU
		{218C8824-473C-4E86-9511-5F2792916269}.Release НТП|Any CPU.ActiveCfg = Release НТП|Any CPU
		{218C8824-473C-4E86-9511-5F2792916269}.Release НТП|Any CPU.Build.0 = Release НТП|Any CPU
		{218C8824-473C-4E86-9511-5F2792916269}.Debug|Any CPU.ActiveCfg = Debug|Any CPU
		{218C8824-473C-4E86-9511-5F2792916269}.Debug|Any CPU.Build.0 = Debug|Any CPU
		{218C8824-473C-4E86-9511-5F2792916269}.Debug НЦК|Any CPU.ActiveCfg = Debug НЦК|Any CPU
		{218C8824-473C-4E86-9511-5F2792916269}.Debug НЦК|Any CPU.Build.0 = Debug НЦК|Any CPU
	EndGlobalSection
	GlobalSection(SolutionProperties) = preSolution
		HideSolutionNode = FALSE
	EndGlobalSection
EndGlobal
